
Microsoft Visual Studio Solution File, Format Version 12.00
# Visual Studio Version 16
VisualStudioVersion = 16.0.29911.84
MinimumVisualStudioVersion = 10.0.40219.1
Project("{FAE04EC0-301F-11D3-BF4B-00C04F79EFBC}") = "Entidades", "Entidades\Entidades.csproj", "{1A124575-3051-40AE-8148-800D9BA2941A}"
EndProject
Project("{FAE04EC0-301F-11D3-BF4B-00C04F79EFBC}") = "MiCalculadora", "MiCalculadora\MiCalculadora.csproj", "{973E8379-BDB8-4421-98F2-68978CFE875A}"
EndProject
Global
	GlobalSection(SolutionConfigurationPlatforms) = preSolution
		Debug|Any CPU = Debug|Any CPU
		Release|Any CPU = Release|Any CPU
	EndGlobalSection
	GlobalSection(ProjectConfigurationPlatforms) = postSolution
		{1A124575-3051-40AE-8148-800D9BA2941A}.Debug|Any CPU.ActiveCfg = Debug|Any CPU
		{1A124575-3051-40AE-8148-800D9BA2941A}.Debug|Any CPU.Build.0 = Debug|Any CPU
		{1A124575-3051-40AE-8148-800D9BA2941A}.Release|Any CPU.ActiveCfg = Release|Any CPU
		{1A124575-3051-40AE-8148-800D9BA2941A}.Release|Any CPU.Build.0 = Release|Any CPU
		{973E8379-BDB8-4421-98F2-68978CFE875A}.Debug|Any CPU.ActiveCfg = Debug|Any CPU
		{973E8379-BDB8-4421-98F2-68978CFE875A}.Debug|Any CPU.Build.0 = Debug|Any CPU
		{973E8379-BDB8-4421-98F2-68978CFE875A}.Release|Any CPU.ActiveCfg = Release|Any CPU
		{973E8379-BDB8-4421-98F2-68978CFE875A}.Release|Any CPU.Build.0 = Release|Any CPU
	EndGlobalSection
	GlobalSection(SolutionProperties) = preSolution
		HideSolutionNode = FALSE
	EndGlobalSection
	GlobalSection(ExtensibilityGlobals) = postSolution
		SolutionGuid = {2982772F-50EB-410E-BBF5-FBDD79B99C66}
	EndGlobalSection
EndGlobal
